# FCPE-only additions for /opt/voice-rtrvc/venv.
# Torch, torchaudio and NumPy come from the already pinned RVC base environment;
# install this file with --no-deps after that base is copied read-only.
torchfcpe==0.0.4
einops==0.8.2
local-attention==1.11.2
hyper-connections==0.4.11
torch-einops-utils==0.1.25
